// !$*UTF8*$!
{
	archiveVersion = 1;
	classes = {
	};
	objectVersion = 46;
	objects = {

/* Begin PBXBuildFile section */
		529C440E1842C296004E718B /* Foundation.framework in Frameworks */ = {isa = PBXBuildFile; fileRef = 529C440D1842C296004E718B /* Foundation.framework */; };
		529C44101842C296004E718B /* CoreGraphics.framework in Frameworks */ = {isa = PBXBuildFile; fileRef = 529C440F1842C296004E718B /* CoreGraphics.framework */; };
		529C44121842C296004E718B /* UIKit.framework in Frameworks */ = {isa = PBXBuildFile; fileRef = 529C44111842C296004E718B /* UIKit.framework */; };
		529C44141842C296004E718B /* SpriteKit.framework in Frameworks */ = {isa = PBXBuildFile; fileRef = 529C44131842C296004E718B /* SpriteKit.framework */; };
		529C441A1842C296004E718B /* InfoPlist.strings in Resources */ = {isa = PBXBuildFile; fileRef = 529C44181842C296004E718B /* InfoPlist.strings */; };
		529C441C1842C296004E718B /* main.m in Sources */ = {isa = PBXBuildFile; fileRef = 529C441B1842C296004E718B /* main.m */; };
		529C44201842C296004E718B /* AppDelegate.m in Sources */ = {isa = PBXBuildFile; fileRef = 529C441F1842C296004E718B /* AppDelegate.m */; };
		529C44231842C296004E718B /* Main.storyboard in Resources */ = {isa = PBXBuildFile; fileRef = 529C44211842C296004E718B /* Main.storyboard */; };
		529C44261842C296004E718B /* ViewController.m in Sources */ = {isa = PBXBuildFile; fileRef = 529C44251842C296004E718B /* ViewController.m */; };
		529C44291842C296004E718B /* MainMenuScene.m in Sources */ = {isa = PBXBuildFile; fileRef = 529C44281842C296004E718B /* MainMenuScene.m */; };
		529C442D1842C296004E718B /* Images.xcassets in Resources */ = {isa = PBXBuildFile; fileRef = 529C442C1842C296004E718B /* Images.xcassets */; };
		529C44341842C296004E718B /* XCTest.framework in Frameworks */ = {isa = PBXBuildFile; fileRef = 529C44331842C296004E718B /* XCTest.framework */; };
		529C44351842C296004E718B /* Foundation.framework in Frameworks */ = {isa = PBXBuildFile; fileRef = 529C440D1842C296004E718B /* Foundation.framework */; };
		529C44361842C296004E718B /* UIKit.framework in Frameworks */ = {isa = PBXBuildFile; fileRef = 529C44111842C296004E718B /* UIKit.framework */; };
		529C443E1842C296004E718B /* InfoPlist.strings in Resources */ = {isa = PBXBuildFile; fileRef = 529C443C1842C296004E718B /* InfoPlist.strings */; };
		529C44401842C296004E718B /* ROFLStompTests.m in Sources */ = {isa = PBXBuildFile; fileRef = 529C443F1842C296004E718B /* ROFLStompTests.m */; };
		529C444B184E2882004E718B /* LevelSelectScene.m in Sources */ = {isa = PBXBuildFile; fileRef = 529C444A184E2882004E718B /* LevelSelectScene.m */; };
		529C444E184E28C2004E718B /* LevelScene.m in Sources */ = {isa = PBXBuildFile; fileRef = 529C444D184E28C2004E718B /* LevelScene.m */; };
		529C4451184E28D5004E718B /* UpgradesScene.m in Sources */ = {isa = PBXBuildFile; fileRef = 529C4450184E28D5004E718B /* UpgradesScene.m */; };
		529C4454184E28E5004E718B /* StatsScene.m in Sources */ = {isa = PBXBuildFile; fileRef = 529C4453184E28E5004E718B /* StatsScene.m */; };
		529C44561850E895004E718B /* PlayerData.plist in Resources */ = {isa = PBXBuildFile; fileRef = 529C44551850E895004E718B /* PlayerData.plist */; };
		529C44581850E8A3004E718B /* LevelData.plist in Resources */ = {isa = PBXBuildFile; fileRef = 529C44571850E8A3004E718B /* LevelData.plist */; };
		529C445C1853CD38004E718B /* Elephant.m in Sources */ = {isa = PBXBuildFile; fileRef = 529C445B1853CD38004E718B /* Elephant.m */; };
		529C445F1853D2FE004E718B /* Enemy.m in Sources */ = {isa = PBXBuildFile; fileRef = 529C445E1853D2FE004E718B /* Enemy.m */; };
		529C44621853D309004E718B /* Mouse.m in Sources */ = {isa = PBXBuildFile; fileRef = 529C44611853D309004E718B /* Mouse.m */; };
		529C44651853D316004E718B /* Projectile.m in Sources */ = {isa = PBXBuildFile; fileRef = 529C44641853D316004E718B /* Projectile.m */; };
/* End PBXBuildFile section */

/* Begin PBXContainerItemProxy section */
		529C44371842C296004E718B /* PBXContainerItemProxy */ = {
			isa = PBXContainerItemProxy;
			containerPortal = 529C44021842C296004E718B /* Project object */;
			proxyType = 1;
			remoteGlobalIDString = 529C44091842C296004E718B;
			remoteInfo = ROFLStomp;
		};
/* End PBXContainerItemProxy section */

/* Begin PBXFileReference section */
		529C440A1842C296004E718B /* ROFLStomp.app */ = {isa = PBXFileReference; explicitFileType = wrapper.application; includeInIndex = 0; path = ROFLStomp.app; sourceTree = BUILT_PRODUCTS_DIR; };
		529C440D1842C296004E718B /* Foundation.framework */ = {isa = PBXFileReference; lastKnownFileType = wrapper.framework; name = Foundation.framework; path = System/Library/Frameworks/Foundation.framework; sourceTree = SDKROOT; };
		529C440F1842C296004E718B /* CoreGraphics.framework */ = {isa = PBXFileReference; lastKnownFileType = wrapper.framework; name = CoreGraphics.framework; path = System/Library/Frameworks/CoreGraphics.framework; sourceTree = SDKROOT; };
		529C44111842C296004E718B /* UIKit.framework */ = {isa = PBXFileReference; lastKnownFileType = wrapper.framework; name = UIKit.framework; path = System/Library/Frameworks/UIKit.framework; sourceTree = SDKROOT; };
		529C44131842C296004E718B /* SpriteKit.framework */ = {isa = PBXFileReference; lastKnownFileType = wrapper.framework; name = SpriteKit.framework; path = System/Library/Frameworks/SpriteKit.framework; sourceTree = SDKROOT; };
		529C44171842C296004E718B /* ROFLStomp-Info.plist */ = {isa = PBXFileReference; lastKnownFileType = text.plist.xml; path = "ROFLStomp-Info.plist"; sourceTree = "<group>"; };
		529C44191842C296004E718B /* en */ = {isa = PBXFileReference; lastKnownFileType = text.plist.strings; name = en; path = en.lproj/InfoPlist.strings; sourceTree = "<group>"; };
		529C441B1842C296004E718B /* main.m */ = {isa = PBXFileReference; lastKnownFileType = sourcecode.c.objc; path = main.m; sourceTree = "<group>"; };
		529C441D1842C296004E718B /* ROFLStomp-Prefix.pch */ = {isa = PBXFileReference; lastKnownFileType = sourcecode.c.h; path = "ROFLStomp-Prefix.pch"; sourceTree = "<group>"; };
		529C441E1842C296004E718B /* AppDelegate.h */ = {isa = PBXFileReference; lastKnownFileType = sourcecode.c.h; path = AppDelegate.h; sourceTree = "<group>"; };
		529C441F1842C296004E718B /* AppDelegate.m */ = {isa = PBXFileReference; lastKnownFileType = sourcecode.c.objc; path = AppDelegate.m; sourceTree = "<group>"; };
		529C44221842C296004E718B /* Base */ = {isa = PBXFileReference; lastKnownFileType = file.storyboard; name = Base; path = Base.lproj/Main.storyboard; sourceTree = "<group>"; };
		529C44241842C296004E718B /* ViewController.h */ = {isa = PBXFileReference; lastKnownFileType = sourcecode.c.h; path = ViewController.h; sourceTree = "<group>"; };
		529C44251842C296004E718B /* ViewController.m */ = {isa = PBXFileReference; lastKnownFileType = sourcecode.c.objc; path = ViewController.m; sourceTree = "<group>"; };
		529C44271842C296004E718B /* MainMenuScene.h */ = {isa = PBXFileReference; lastKnownFileType = sourcecode.c.h; path = MainMenuScene.h; sourceTree = "<group>"; };
		529C44281842C296004E718B /* MainMenuScene.m */ = {isa = PBXFileReference; lastKnownFileType = sourcecode.c.objc; path = MainMenuScene.m; sourceTree = "<group>"; };
		529C442C1842C296004E718B /* Images.xcassets */ = {isa = PBXFileReference; lastKnownFileType = folder.assetcatalog; path = Images.xcassets; sourceTree = "<group>"; };
		529C44321842C296004E718B /* ROFLStompTests.xctest */ = {isa = PBXFileReference; explicitFileType = wrapper.cfbundle; includeInIndex = 0; path = ROFLStompTests.xctest; sourceTree = BUILT_PRODUCTS_DIR; };
		529C44331842C296004E718B /* XCTest.framework */ = {isa = PBXFileReference; lastKnownFileType = wrapper.framework; name = XCTest.framework; path = Library/Frameworks/XCTest.framework; sourceTree = DEVELOPER_DIR; };
		529C443B1842C296004E718B /* ROFLStompTests-Info.plist */ = {isa = PBXFileReference; lastKnownFileType = text.plist.xml; path = "ROFLStompTests-Info.plist"; sourceTree = "<group>"; };
		529C443D1842C296004E718B /* en */ = {isa = PBXFileReference; lastKnownFileType = text.plist.strings; name = en; path = en.lproj/InfoPlist.strings; sourceTree = "<group>"; };
		529C443F1842C296004E718B /* ROFLStompTests.m */ = {isa = PBXFileReference; lastKnownFileType = sourcecode.c.objc; path = ROFLStompTests.m; sourceTree = "<group>"; };
		529C4449184E2882004E718B /* LevelSelectScene.h */ = {isa = PBXFileReference; fileEncoding = 4; lastKnownFileType = sourcecode.c.h; path = LevelSelectScene.h; sourceTree = "<group>"; };
		529C444A184E2882004E718B /* LevelSelectScene.m */ = {isa = PBXFileReference; fileEncoding = 4; lastKnownFileType = sourcecode.c.objc; path = LevelSelectScene.m; sourceTree = "<group>"; };
		529C444C184E28C2004E718B /* LevelScene.h */ = {isa = PBXFileReference; fileEncoding = 4; lastKnownFileType = sourcecode.c.h; path = LevelScene.h; sourceTree = "<group>"; };
		529C444D184E28C2004E718B /* LevelScene.m */ = {isa = PBXFileReference; fileEncoding = 4; lastKnownFileType = sourcecode.c.objc; path = LevelScene.m; sourceTree = "<group>"; };
		529C444F184E28D5004E718B /* UpgradesScene.h */ = {isa = PBXFileReference; fileEncoding = 4; lastKnownFileType = sourcecode.c.h; path = UpgradesScene.h; sourceTree = "<group>"; };
		529C4450184E28D5004E718B /* UpgradesScene.m */ = {isa = PBXFileReference; fileEncoding = 4; lastKnownFileType = sourcecode.c.objc; path = UpgradesScene.m; sourceTree = "<group>"; };
		529C4452184E28E5004E718B /* StatsScene.h */ = {isa = PBXFileReference; fileEncoding = 4; lastKnownFileType = sourcecode.c.h; path = StatsScene.h; sourceTree = "<group>"; };
		529C4453184E28E5004E718B /* StatsScene.m */ = {isa = PBXFileReference; fileEncoding = 4; lastKnownFileType = sourcecode.c.objc; path = StatsScene.m; sourceTree = "<group>"; };
		529C44551850E895004E718B /* PlayerData.plist */ = {isa = PBXFileReference; fileEncoding = 4; lastKnownFileType = text.plist.xml; path = PlayerData.plist; sourceTree = "<group>"; };
		529C44571850E8A3004E718B /* LevelData.plist */ = {isa = PBXFileReference; fileEncoding = 4; lastKnownFileType = text.plist.xml; path = LevelData.plist; sourceTree = "<group>"; };
		529C445A1853CD38004E718B /* Elephant.h */ = {isa = PBXFileReference; fileEncoding = 4; lastKnownFileType = sourcecode.c.h; path = Elephant.h; sourceTree = "<group>"; };
		529C445B1853CD38004E718B /* Elephant.m */ = {isa = PBXFileReference; fileEncoding = 4; lastKnownFileType = sourcecode.c.objc; path = Elephant.m; sourceTree = "<group>"; };
		529C445D1853D2FE004E718B /* Enemy.h */ = {isa = PBXFileReference; fileEncoding = 4; lastKnownFileType = sourcecode.c.h; path = Enemy.h; sourceTree = "<group>"; };
		529C445E1853D2FE004E718B /* Enemy.m */ = {isa = PBXFileReference; fileEncoding = 4; lastKnownFileType = sourcecode.c.objc; path = Enemy.m; sourceTree = "<group>"; };
		529C44601853D309004E718B /* Mouse.h */ = {isa = PBXFileReference; fileEncoding = 4; lastKnownFileType = sourcecode.c.h; path = Mouse.h; sourceTree = "<group>"; };
		529C44611853D309004E718B /* Mouse.m */ = {isa = PBXFileReference; fileEncoding = 4; lastKnownFileType = sourcecode.c.objc; path = Mouse.m; sourceTree = "<group>"; };
		529C44631853D316004E718B /* Projectile.h */ = {isa = PBXFileReference; fileEncoding = 4; lastKnownFileType = sourcecode.c.h; path = Projectile.h; sourceTree = "<group>"; };
		529C44641853D316004E718B /* Projectile.m */ = {isa = PBXFileReference; fileEncoding = 4; lastKnownFileType = sourcecode.c.objc; path = Projectile.m; sourceTree = "<group>"; };
/* End PBXFileReference section */

/* Begin PBXFrameworksBuildPhase section */
		529C44071842C296004E718B /* Frameworks */ = {
			isa = PBXFrameworksBuildPhase;
			buildActionMask = 2147483647;
			files = (
				529C44101842C296004E718B /* CoreGraphics.framework in Frameworks */,
				529C44121842C296004E718B /* UIKit.framework in Frameworks */,
				529C44141842C296004E718B /* SpriteKit.framework in Frameworks */,
				529C440E1842C296004E718B /* Foundation.framework in Frameworks */,
			);
			runOnlyForDeploymentPostprocessing = 0;
		};
		529C442F1842C296004E718B /* Frameworks */ = {
			isa = PBXFrameworksBuildPhase;
			buildActionMask = 2147483647;
			files = (
				529C44341842C296004E718B /* XCTest.framework in Frameworks */,
				529C44361842C296004E718B /* UIKit.framework in Frameworks */,
				529C44351842C296004E718B /* Foundation.framework in Frameworks */,
			);
			runOnlyForDeploymentPostprocessing = 0;
		};
/* End PBXFrameworksBuildPhase section */

/* Begin PBXGroup section */
		529C44011842C296004E718B = {
			isa = PBXGroup;
			children = (
				529C44151842C296004E718B /* ROFLStomp */,
				529C44391842C296004E718B /* ROFLStompTests */,
				529C440C1842C296004E718B /* Frameworks */,
				529C440B1842C296004E718B /* Products */,
			);
			sourceTree = "<group>";
		};
		529C440B1842C296004E718B /* Products */ = {
			isa = PBXGroup;
			children = (
				529C440A1842C296004E718B /* ROFLStomp.app */,
				529C44321842C296004E718B /* ROFLStompTests.xctest */,
			);
			name = Products;
			sourceTree = "<group>";
		};
		529C440C1842C296004E718B /* Frameworks */ = {
			isa = PBXGroup;
			children = (
				529C440D1842C296004E718B /* Foundation.framework */,
				529C440F1842C296004E718B /* CoreGraphics.framework */,
				529C44111842C296004E718B /* UIKit.framework */,
				529C44131842C296004E718B /* SpriteKit.framework */,
				529C44331842C296004E718B /* XCTest.framework */,
			);
			name = Frameworks;
			sourceTree = "<group>";
		};
		529C44151842C296004E718B /* ROFLStomp */ = {
			isa = PBXGroup;
			children = (
				529C44591853CD04004E718B /* Sprite Types */,
				529C441E1842C296004E718B /* AppDelegate.h */,
				529C441F1842C296004E718B /* AppDelegate.m */,
				529C44211842C296004E718B /* Main.storyboard */,
				529C44241842C296004E718B /* ViewController.h */,
				529C44251842C296004E718B /* ViewController.m */,
				529C44271842C296004E718B /* MainMenuScene.h */,
				529C44281842C296004E718B /* MainMenuScene.m */,
				529C4449184E2882004E718B /* LevelSelectScene.h */,
				529C444A184E2882004E718B /* LevelSelectScene.m */,
				529C444C184E28C2004E718B /* LevelScene.h */,
				529C444D184E28C2004E718B /* LevelScene.m */,
				529C444F184E28D5004E718B /* UpgradesScene.h */,
				529C4450184E28D5004E718B /* UpgradesScene.m */,
				529C4452184E28E5004E718B /* StatsScene.h */,
				529C4453184E28E5004E718B /* StatsScene.m */,
				529C44551850E895004E718B /* PlayerData.plist */,
				529C44571850E8A3004E718B /* LevelData.plist */,
				529C442C1842C296004E718B /* Images.xcassets */,
				529C44161842C296004E718B /* Supporting Files */,
			);
			path = ROFLStomp;
			sourceTree = "<group>";
		};
		529C44161842C296004E718B /* Supporting Files */ = {
			isa = PBXGroup;
			children = (
				529C44171842C296004E718B /* ROFLStomp-Info.plist */,
				529C44181842C296004E718B /* InfoPlist.strings */,
				529C441B1842C296004E718B /* main.m */,
				529C441D1842C296004E718B /* ROFLStomp-Prefix.pch */,
			);
			name = "Supporting Files";
			sourceTree = "<group>";
		};
		529C44391842C296004E718B /* ROFLStompTests */ = {
			isa = PBXGroup;
			children = (
				529C443F1842C296004E718B /* ROFLStompTests.m */,
				529C443A1842C296004E718B /* Supporting Files */,
			);
			path = ROFLStompTests;
			sourceTree = "<group>";
		};
		529C443A1842C296004E718B /* Supporting Files */ = {
			isa = PBXGroup;
			children = (
				529C443B1842C296004E718B /* ROFLStompTests-Info.plist */,
				529C443C1842C296004E718B /* InfoPlist.strings */,
			);
			name = "Supporting Files";
			sourceTree = "<group>";
		};
		529C44591853CD04004E718B /* Sprite Types */ = {
			isa = PBXGroup;
			children = (
				529C445A1853CD38004E718B /* Elephant.h */,
				529C445B1853CD38004E718B /* Elephant.m */,
				529C445D1853D2FE004E718B /* Enemy.h */,
				529C445E1853D2FE004E718B /* Enemy.m */,
				529C44601853D309004E718B /* Mouse.h */,
				529C44611853D309004E718B /* Mouse.m */,
				529C44631853D316004E718B /* Projectile.h */,
				529C44641853D316004E718B /* Projectile.m */,
			);
			name = "Sprite Types";
			sourceTree = "<group>";
		};
/* End PBXGroup section */

/* Begin PBXNativeTarget section */
		529C44091842C296004E718B /* ROFLStomp */ = {
			isa = PBXNativeTarget;
			buildConfigurationList = 529C44431842C296004E718B /* Build configuration list for PBXNativeTarget "ROFLStomp" */;
			buildPhases = (
				529C44061842C296004E718B /* Sources */,
				529C44071842C296004E718B /* Frameworks */,
				529C44081842C296004E718B /* Resources */,
			);
			buildRules = (
			);
			dependencies = (
			);
			name = ROFLStomp;
			productName = ROFLStomp;
			productReference = 529C440A1842C296004E718B /* ROFLStomp.app */;
			productType = "com.apple.product-type.application";
		};
		529C44311842C296004E718B /* ROFLStompTests */ = {
			isa = PBXNativeTarget;
			buildConfigurationList = 529C44461842C296004E718B /* Build configuration list for PBXNativeTarget "ROFLStompTests" */;
			buildPhases = (
				529C442E1842C296004E718B /* Sources */,
				529C442F1842C296004E718B /* Frameworks */,
				529C44301842C296004E718B /* Resources */,
			);
			buildRules = (
			);
			dependencies = (
				529C44381842C296004E718B /* PBXTargetDependency */,
			);
			name = ROFLStompTests;
			productName = ROFLStompTests;
			productReference = 529C44321842C296004E718B /* ROFLStompTests.xctest */;
			productType = "com.apple.product-type.bundle.unit-test";
		};
/* End PBXNativeTarget section */

/* Begin PBXProject section */
		529C44021842C296004E718B /* Project object */ = {
			isa = PBXProject;
			attributes = {
				LastUpgradeCheck = 0500;
				ORGANIZATIONNAME = "John King";
				TargetAttributes = {
					529C44311842C296004E718B = {
						TestTargetID = 529C44091842C296004E718B;
					};
				};
			};
			buildConfigurationList = 529C44051842C296004E718B /* Build configuration list for PBXProject "ROFLStomp" */;
			compatibilityVersion = "Xcode 3.2";
			developmentRegion = English;
			hasScannedForEncodings = 0;
			knownRegions = (
				en,
				Base,
			);
			mainGroup = 529C44011842C296004E718B;
			productRefGroup = 529C440B1842C296004E718B /* Products */;
			projectDirPath = "";
			projectRoot = "";
			targets = (
				529C44091842C296004E718B /* ROFLStomp */,
				529C44311842C296004E718B /* ROFLStompTests */,
			);
		};
/* End PBXProject section */

/* Begin PBXResourcesBuildPhase section */
		529C44081842C296004E718B /* Resources */ = {
			isa = PBXResourcesBuildPhase;
			buildActionMask = 2147483647;
			files = (
				529C441A1842C296004E718B /* InfoPlist.strings in Resources */,
				529C44561850E895004E718B /* PlayerData.plist in Resources */,
				529C44581850E8A3004E718B /* LevelData.plist in Resources */,
				529C442D1842C296004E718B /* Images.xcassets in Resources */,
				529C44231842C296004E718B /* Main.storyboard in Resources */,
			);
			runOnlyForDeploymentPostprocessing = 0;
		};
		529C44301842C296004E718B /* Resources */ = {
			isa = PBXResourcesBuildPhase;
			buildActionMask = 2147483647;
			files = (
				529C443E1842C296004E718B /* InfoPlist.strings in Resources */,
			);
			runOnlyForDeploymentPostprocessing = 0;
		};
/* End PBXResourcesBuildPhase section */

/* Begin PBXSourcesBuildPhase section */
		529C44061842C296004E718B /* Sources */ = {
			isa = PBXSourcesBuildPhase;
			buildActionMask = 2147483647;
			files = (
				529C44291842C296004E718B /* MainMenuScene.m in Sources */,
				529C44261842C296004E718B /* ViewController.m in Sources */,
				529C444B184E2882004E718B /* LevelSelectScene.m in Sources */,
				529C44621853D309004E718B /* Mouse.m in Sources */,
				529C4451184E28D5004E718B /* UpgradesScene.m in Sources */,
				529C445C1853CD38004E718B /* Elephant.m in Sources */,
				529C4454184E28E5004E718B /* StatsScene.m in Sources */,
				529C445F1853D2FE004E718B /* Enemy.m in Sources */,
				529C44651853D316004E718B /* Projectile.m in Sources */,
				529C444E184E28C2004E718B /* LevelScene.m in Sources */,
				529C44201842C296004E718B /* AppDelegate.m in Sources */,
				529C441C1842C296004E718B /* main.m in Sources */,
			);
			runOnlyForDeploymentPostprocessing = 0;
		};
		529C442E1842C296004E718B /* Sources */ = {
			isa = PBXSourcesBuildPhase;
			buildActionMask = 2147483647;
			files = (
				529C44401842C296004E718B /* ROFLStompTests.m in Sources */,
			);
			runOnlyForDeploymentPostprocessing = 0;
		};
/* End PBXSourcesBuildPhase section */

/* Begin PBXTargetDependency section */
		529C44381842C296004E718B /* PBXTargetDependency */ = {
			isa = PBXTargetDependency;
			target = 529C44091842C296004E718B /* ROFLStomp */;
			targetProxy = 529C44371842C296004E718B /* PBXContainerItemProxy */;
		};
/* End PBXTargetDependency section */

/* Begin PBXVariantGroup section */
		529C44181842C296004E718B /* InfoPlist.strings */ = {
			isa = PBXVariantGroup;
			children = (
				529C44191842C296004E718B /* en */,
			);
			name = InfoPlist.strings;
			sourceTree = "<group>";
		};
		529C44211842C296004E718B /* Main.storyboard */ = {
			isa = PBXVariantGroup;
			children = (
				529C44221842C296004E718B /* Base */,
			);
			name = Main.storyboard;
			sourceTree = "<group>";
		};
		529C443C1842C296004E718B /* InfoPlist.strings */ = {
			isa = PBXVariantGroup;
			children = (
				529C443D1842C296004E718B /* en */,
			);
			name = InfoPlist.strings;
			sourceTree = "<group>";
		};
/* End PBXVariantGroup section */

/* Begin XCBuildConfiguration section */
		529C44411842C296004E718B /* Debug */ = {
			isa = XCBuildConfiguration;
			buildSettings = {
				ALWAYS_SEARCH_USER_PATHS = NO;
				ARCHS = "$(ARCHS_STANDARD_INCLUDING_64_BIT)";
				CLANG_CXX_LANGUAGE_STANDARD = "gnu++0x";
				CLANG_CXX_LIBRARY = "libc++";
				CLANG_ENABLE_MODULES = YES;
				CLANG_ENABLE_OBJC_ARC = YES;
				CLANG_WARN_BOOL_CONVERSION = YES;
				CLANG_WARN_CONSTANT_CONVERSION = YES;
				CLANG_WARN_DIRECT_OBJC_ISA_USAGE = YES_ERROR;
				CLANG_WARN_EMPTY_BODY = YES;
				CLANG_WARN_ENUM_CONVERSION = YES;
				CLANG_WARN_INT_CONVERSION = YES;
				CLANG_WARN_OBJC_ROOT_CLASS = YES_ERROR;
				CLANG_WARN__DUPLICATE_METHOD_MATCH = YES;
				"CODE_SIGN_IDENTITY[sdk=iphoneos*]" = "iPhone Developer";
				COPY_PHASE_STRIP = NO;
				GCC_C_LANGUAGE_STANDARD = gnu99;
				GCC_DYNAMIC_NO_PIC = NO;
				GCC_OPTIMIZATION_LEVEL = 0;
				GCC_PREPROCESSOR_DEFINITIONS = (
					"DEBUG=1",
					"$(inherited)",
				);
				GCC_SYMBOLS_PRIVATE_EXTERN = NO;
				GCC_WARN_64_TO_32_BIT_CONVERSION = YES;
				GCC_WARN_ABOUT_RETURN_TYPE = YES_ERROR;
				GCC_WARN_UNDECLARED_SELECTOR = YES;
				GCC_WARN_UNINITIALIZED_AUTOS = YES;
				GCC_WARN_UNUSED_FUNCTION = YES;
				GCC_WARN_UNUSED_VARIABLE = YES;
				IPHONEOS_DEPLOYMENT_TARGET = 7.0;
				ONLY_ACTIVE_ARCH = YES;
				SDKROOT = iphoneos;
			};
			name = Debug;
		};
		529C44421842C296004E718B /* Release */ = {
			isa = XCBuildConfiguration;
			buildSettings = {
				ALWAYS_SEARCH_USER_PATHS = NO;
				ARCHS = "$(ARCHS_STANDARD_INCLUDING_64_BIT)";
				CLANG_CXX_LANGUAGE_STANDARD = "gnu++0x";
				CLANG_CXX_LIBRARY = "libc++";
				CLANG_ENABLE_MODULES = YES;
				CLANG_ENABLE_OBJC_ARC = YES;
				CLANG_WARN_BOOL_CONVERSION = YES;
				CLANG_WARN_CONSTANT_CONVERSION = YES;
				CLANG_WARN_DIRECT_OBJC_ISA_USAGE = YES_ERROR;
				CLANG_WARN_EMPTY_BODY = YES;
				CLANG_WARN_ENUM_CONVERSION = YES;
				CLANG_WARN_INT_CONVERSION = YES;
				CLANG_WARN_OBJC_ROOT_CLASS = YES_ERROR;
				CLANG_WARN__DUPLICATE_METHOD_MATCH = YES;
				"CODE_SIGN_IDENTITY[sdk=iphoneos*]" = "iPhone Developer";
				COPY_PHASE_STRIP = YES;
				ENABLE_NS_ASSERTIONS = NO;
				GCC_C_LANGUAGE_STANDARD = gnu99;
				GCC_WARN_64_TO_32_BIT_CONVERSION = YES;
				GCC_WARN_ABOUT_RETURN_TYPE = YES_ERROR;
				GCC_WARN_UNDECLARED_SELECTOR = YES;
				GCC_WARN_UNINITIALIZED_AUTOS = YES;
				GCC_WARN_UNUSED_FUNCTION = YES;
				GCC_WARN_UNUSED_VARIABLE = YES;
				IPHONEOS_DEPLOYMENT_TARGET = 7.0;
				SDKROOT = iphoneos;
				VALIDATE_PRODUCT = YES;
			};
			name = Release;
		};
		529C44441842C296004E718B /* Debug */ = {
			isa = XCBuildConfiguration;
			buildSettings = {
				ASSETCATALOG_COMPILER_APPICON_NAME = AppIcon;
				ASSETCATALOG_COMPILER_LAUNCHIMAGE_NAME = LaunchImage;
				GCC_PRECOMPILE_PREFIX_HEADER = YES;
				GCC_PREFIX_HEADER = "ROFLStomp/ROFLStomp-Prefix.pch";
				INFOPLIST_FILE = "ROFLStomp/ROFLStomp-Info.plist";
				PRODUCT_NAME = "$(TARGET_NAME)";
				SPRITEKIT_TEXTURE_ATLAS_OUTPUT = YES;
				WRAPPER_EXTENSION = app;
			};
			name = Debug;
		};
		529C44451842C296004E718B /* Release */ = {
			isa = XCBuildConfiguration;
			buildSettings = {
				ASSETCATALOG_COMPILER_APPICON_NAME = AppIcon;
				ASSETCATALOG_COMPILER_LAUNCHIMAGE_NAME = LaunchImage;
				GCC_PRECOMPILE_PREFIX_HEADER = YES;
				GCC_PREFIX_HEADER = "ROFLStomp/ROFLStomp-Prefix.pch";
				INFOPLIST_FILE = "ROFLStomp/ROFLStomp-Info.plist";
				PRODUCT_NAME = "$(TARGET_NAME)";
				SPRITEKIT_TEXTURE_ATLAS_OUTPUT = YES;
				WRAPPER_EXTENSION = app;
			};
			name = Release;
		};
		529C44471842C296004E718B /* Debug */ = {
			isa = XCBuildConfiguration;
			buildSettings = {
				ARCHS = "$(ARCHS_STANDARD_INCLUDING_64_BIT)";
				BUNDLE_LOADER = "$(BUILT_PRODUCTS_DIR)/ROFLStomp.app/ROFLStomp";
				FRAMEWORK_SEARCH_PATHS = (
					"$(SDKROOT)/Developer/Library/Frameworks",
					"$(inherited)",
					"$(DEVELOPER_FRAMEWORKS_DIR)",
				);
				GCC_PRECOMPILE_PREFIX_HEADER = YES;
				GCC_PREFIX_HEADER = "ROFLStomp/ROFLStomp-Prefix.pch";
				GCC_PREPROCESSOR_DEFINITIONS = (
					"DEBUG=1",
					"$(inherited)",
				);
				INFOPLIST_FILE = "ROFLStompTests/ROFLStompTests-Info.plist";
				PRODUCT_NAME = "$(TARGET_NAME)";
				TEST_HOST = "$(BUNDLE_LOADER)";
				WRAPPER_EXTENSION = xctest;
			};
			name = Debug;
		};
		529C44481842C296004E718B /* Release */ = {
			isa = XCBuildConfiguration;
			buildSettings = {
				ARCHS = "$(ARCHS_STANDARD_INCLUDING_64_BIT)";
				BUNDLE_LOADER = "$(BUILT_PRODUCTS_DIR)/ROFLStomp.app/ROFLStomp";
				FRAMEWORK_SEARCH_PATHS = (
					"$(SDKROOT)/Developer/Library/Frameworks",
					"$(inherited)",
					"$(DEVELOPER_FRAMEWORKS_DIR)",
				);
				GCC_PRECOMPILE_PREFIX_HEADER = YES;
				GCC_PREFIX_HEADER = "ROFLStomp/ROFLStomp-Prefix.pch";
				INFOPLIST_FILE = "ROFLStompTests/ROFLStompTests-Info.plist";
				PRODUCT_NAME = "$(TARGET_NAME)";
				TEST_HOST = "$(BUNDLE_LOADER)";
				WRAPPER_EXTENSION = xctest;
			};
			name = Release;
		};
/* End XCBuildConfiguration section */

/* Begin XCConfigurationList section */
		529C44051842C296004E718B /* Build configuration list for PBXProject "ROFLStomp" */ = {
			isa = XCConfigurationList;
			buildConfigurations = (
				529C44411842C296004E718B /* Debug */,
				529C44421842C296004E718B /* Release */,
			);
			defaultConfigurationIsVisible = 0;
			defaultConfigurationName = Release;
		};
		529C44431842C296004E718B /* Build configuration list for PBXNativeTarget "ROFLStomp" */ = {
			isa = XCConfigurationList;
			buildConfigurations = (
				529C44441842C296004E718B /* Debug */,
				529C44451842C296004E718B /* Release */,
			);
			defaultConfigurationIsVisible = 0;
			defaultConfigurationName = Release;
		};
		529C44461842C296004E718B /* Build configuration list for PBXNativeTarget "ROFLStompTests" */ = {
			isa = XCConfigurationList;
			buildConfigurations = (
				529C44471842C296004E718B /* Debug */,
				529C44481842C296004E718B /* Release */,
			);
			defaultConfigurationIsVisible = 0;
			defaultConfigurationName = Release;
		};
/* End XCConfigurationList section */
	};
	rootObject = 529C44021842C296004E718B /* Project object */;
}
